{
  "name": "split-layout",
  "version": "0.1.0",
  "lockfileVersion": 1,
  "requires": true,
  "dependencies": {
    "classnames": {
      "version": "2.2.5",
      "resolved": "https://registry.npmjs.org/classnames/-/classnames-2.2.5.tgz",
      "integrity": "sha1-+zgB1FNGdknvNgPH1hoCvRKb3m0="
    },
    "consecutive": {
      "version": "5.0.4",
      "resolved": "https://registry.npmjs.org/consecutive/-/consecutive-5.0.4.tgz",
      "integrity": "sha1-RdJtRgT1UeWm20d/nXmb7DOi8AU="
    },
    "react-accessible-accordion": {
      "version": "1.0.1",
      "resolved": "https://registry.npmjs.org/react-accessible-accordion/-/react-accessible-accordion-1.0.1.tgz",
      "integrity": "sha512-T1wZ2lU6Bv3UCl0e5uftKTiD2wbS2c36qkQSVy5xkEyDoX9ooA7rgEp8GuHX76s9ttiBnpkOdkJtx/Ev6+MB6A==",
      "requires": {
        "classnames": "2.2.5",
        "consecutive": "5.0.4"
      }
    },
    "react-collapsible": {
      "version": "2.0.3",
      "resolved": "https://registry.npmjs.org/react-collapsible/-/react-collapsible-2.0.3.tgz",
      "integrity": "sha512-z813azRHau5UNJNtlmdHhPpLZNvXeve0+NuiG40BIUbGfTRO9o4DOxLxvzkUJDgjNwlHPW5hQZH8z+lbef8jZQ=="
    }
  }
}
